
Microsoft Visual Studio Solution File, Format Version 12.00
Project("{FAE04EC0-301F-11D3-BF4B-00C04F79EFBC}") = "Laboratorna_8_2", "Laboratorna_8_2\Laboratorna_8_2.csproj", "{9EA2F487-6A82-44E5-8C8F-57988C93009A}"
EndProject
Project("{FAE04EC0-301F-11D3-BF4B-00C04F79EFBC}") = "Laboratorna_8_2.Tests", "Laboratorna_8_2.Tests\Laboratorna_8_2.Tests.csproj", "{408A26E7-6D26-49C9-B2D2-6C20F8456210}"
EndProject
Global
	GlobalSection(SolutionConfigurationPlatforms) = preSolution
		Debug|Any CPU = Debug|Any CPU
		Release|Any CPU = Release|Any CPU
	EndGlobalSection
	GlobalSection(ProjectConfigurationPlatforms) = postSolution
		{9EA2F487-6A82-44E5-8C8F-57988C93009A}.Debug|Any CPU.ActiveCfg = Debug|Any CPU
		{9EA2F487-6A82-44E5-8C8F-57988C93009A}.Debug|Any CPU.Build.0 = Debug|Any CPU
		{9EA2F487-6A82-44E5-8C8F-57988C93009A}.Release|Any CPU.ActiveCfg = Release|Any CPU
		{9EA2F487-6A82-44E5-8C8F-57988C93009A}.Release|Any CPU.Build.0 = Release|Any CPU
		{408A26E7-6D26-49C9-B2D2-6C20F8456210}.Debug|Any CPU.ActiveCfg = Debug|Any CPU
		{408A26E7-6D26-49C9-B2D2-6C20F8456210}.Debug|Any CPU.Build.0 = Debug|Any CPU
		{408A26E7-6D26-49C9-B2D2-6C20F8456210}.Release|Any CPU.ActiveCfg = Release|Any CPU
		{408A26E7-6D26-49C9-B2D2-6C20F8456210}.Release|Any CPU.Build.0 = Release|Any CPU
	EndGlobalSection
EndGlobal
